PODS:
  - Flutter (1.0.0)
  - toponad (0.0.1):
    - Flutter

DEPENDENCIES:
  - Flutter (from `Flutter`)
  - toponad (from `.symlinks/plugins/toponad/ios`)

EXTERNAL SOURCES:
  Flutter:
    :path: Flutter
  toponad:
    :path: ".symlinks/plugins/toponad/ios"

SPEC CHECKSUMS:
  Flutter: 0e3d915762c693b495b44d77113d4970485de6ec
  toponad: 5c22679c61330200e1b0001412647672b6a20d87

PODFILE CHECKSUM: 3dbe063e9c90a5d7c9e4e76e70a821b9e2c1d271

COCOAPODS: 1.9.1
